
Microsoft Visual Studio Solution File, Format Version 12.00
# Visual Studio Version 17
VisualStudioVersion = 17.0.31903.59
MinimumVisualStudioVersion = 10.0.40219.1
Project("{2150E333-8FDC-42A3-9474-1A3956D46DE8}") = "src", "src", "{2C0F3FBA-C148-4A00-8545-CCC600504C3F}"
EndProject
Project("{FAE04EC0-301F-11D3-BF4B-00C04F79EFBC}") = "IdCardApi", "src\Api\IdCardApi.csproj", "{00DD6A46-2851-4EF0-97F5-8921DFAA6135}"
EndProject
Project("{FAE04EC0-301F-11D3-BF4B-00C04F79EFBC}") = "IdCardApi.Lib", "src\Lib\IdCardApi.Lib.csproj", "{980F0CC4-FDFF-4ACF-B196-3CE72C1A9AE2}"
EndProject
Project("{2150E333-8FDC-42A3-9474-1A3956D46DE8}") = "test", "test", "{C73B2C3B-3356-4CDE-8129-8565AB8007BB}"
EndProject
Project("{FAE04EC0-301F-11D3-BF4B-00C04F79EFBC}") = "IdCardApi.Tests.Unit", "test\Tests.Unit\IdCardApi.Tests.Unit.csproj", "{F452F349-DD3D-4BEB-846F-732B848620F5}"
EndProject
Global
	GlobalSection(SolutionConfigurationPlatforms) = preSolution
		Debug|Any CPU = Debug|Any CPU
		Release|Any CPU = Release|Any CPU
	EndGlobalSection
	GlobalSection(SolutionProperties) = preSolution
		HideSolutionNode = FALSE
	EndGlobalSection
	GlobalSection(ProjectConfigurationPlatforms) = postSolution
		{00DD6A46-2851-4EF0-97F5-8921DFAA6135}.Debug|Any CPU.ActiveCfg = Debug|Any CPU
		{00DD6A46-2851-4EF0-97F5-8921DFAA6135}.Debug|Any CPU.Build.0 = Debug|Any CPU
		{00DD6A46-2851-4EF0-97F5-8921DFAA6135}.Release|Any CPU.ActiveCfg = Release|Any CPU
		{00DD6A46-2851-4EF0-97F5-8921DFAA6135}.Release|Any CPU.Build.0 = Release|Any CPU
		{980F0CC4-FDFF-4ACF-B196-3CE72C1A9AE2}.Debug|Any CPU.ActiveCfg = Debug|Any CPU
		{980F0CC4-FDFF-4ACF-B196-3CE72C1A9AE2}.Debug|Any CPU.Build.0 = Debug|Any CPU
		{980F0CC4-FDFF-4ACF-B196-3CE72C1A9AE2}.Release|Any CPU.ActiveCfg = Release|Any CPU
		{980F0CC4-FDFF-4ACF-B196-3CE72C1A9AE2}.Release|Any CPU.Build.0 = Release|Any CPU
		{F452F349-DD3D-4BEB-846F-732B848620F5}.Debug|Any CPU.ActiveCfg = Debug|Any CPU
		{F452F349-DD3D-4BEB-846F-732B848620F5}.Debug|Any CPU.Build.0 = Debug|Any CPU
		{F452F349-DD3D-4BEB-846F-732B848620F5}.Release|Any CPU.ActiveCfg = Release|Any CPU
		{F452F349-DD3D-4BEB-846F-732B848620F5}.Release|Any CPU.Build.0 = Release|Any CPU
	EndGlobalSection
	GlobalSection(NestedProjects) = preSolution
		{00DD6A46-2851-4EF0-97F5-8921DFAA6135} = {2C0F3FBA-C148-4A00-8545-CCC600504C3F}
		{980F0CC4-FDFF-4ACF-B196-3CE72C1A9AE2} = {2C0F3FBA-C148-4A00-8545-CCC600504C3F}
		{F452F349-DD3D-4BEB-846F-732B848620F5} = {C73B2C3B-3356-4CDE-8129-8565AB8007BB}
	EndGlobalSection
EndGlobal
